{
    "_meta": {
        "hash": {
            "sha256": "999388cf7d8f3d059324a9c3b4ec075359143382da21eeab8318dc0b40d792e3"
        },
        "pipfile-spec": 6,
        "requires": {
            "python_version": "3.8"
        },
        "sources": [
            {
                "name": "pypi",
                "url": "https://pypi.org/simple",
                "verify_ssl": true
            }
        ]
    },
    "default": {
        "babel": {
            "hashes": [
                "sha256:ab49e12b91d937cd11f0b67cb259a57ab4ad2b59ac7a3b41d6c06c0ac5b0def9",
                "sha256:bc0c176f9f6a994582230df350aa6e05ba2ebe4b3ac317eab29d9be5d2768da0"
            ],
            "index": "pypi",
            "version": "==2.9.1"
        },
        "pytz": {
            "hashes": [
                "sha256:3672058bc3453457b622aab7a1c3bfd5ab0bdae451512f6cf25f64ed37f5b87c",
                "sha256:acad2d8b20a1af07d4e4c9d2e9285c5ed9104354062f275f3fcd88dcef4f1326"
            ],
            "version": "==2021.3"
        },
        "tkcalendar": {
            "hashes": [
                "sha256:5edf958c0a59429e90309e9b805b2e229192bbcab952460247204d7030eea5cf",
                "sha256:9d3a80816a7b32d64fab696fa3d2a007fb23c87953267d5e343a38ff4cd7c15c",
                "sha256:c3ac34ab268734377ce73407893e8a5765e288aecbbb55136fb3ccea98006a96"
            ],
            "index": "pypi",
            "version": "==1.6.1"
        }
    },
    "develop": {}
}
